// !$*UTF8*$!
{
	archiveVersion = 1;
	classes = {
	};
	objectVersion = 51;
	objects = {

/* Begin PBXBuildFile section */
		7294DABA25FB43DA00D696DA /* AppDelegate.swift in Sources */ = {isa = PBXBuildFile; fileRef = 7294DAB925FB43DA00D696DA /* AppDelegate.swift */; };
		7294DABE25FB43DA00D696DA /* RootViewController.swift in Sources */ = {isa = PBXBuildFile; fileRef = 7294DABD25FB43DA00D696DA /* RootViewController.swift */; };
		7294DAC325FB43DA00D696DA /* Assets.xcassets in Resources */ = {isa = PBXBuildFile; fileRef = 7294DAC225FB43DA00D696DA /* Assets.xcassets */; };
		7294DAC625FB43DA00D696DA /* LaunchScreen.storyboard in Resources */ = {isa = PBXBuildFile; fileRef = 7294DAC425FB43DA00D696DA /* LaunchScreen.storyboard */; };
		7294DAD325FB4A8400D696DA /* Base.swift in Sources */ = {isa = PBXBuildFile; fileRef = 7294DAD225FB4A8400D696DA /* Base.swift */; };
		72D202E225FF280F005FC85D /* RootView.swift in Sources */ = {isa = PBXBuildFile; fileRef = 72D202E125FF280F005FC85D /* RootView.swift */; };
		72D202E625FF299E005FC85D /* FirstViewController.swift in Sources */ = {isa = PBXBuildFile; fileRef = 72D202E525FF299E005FC85D /* FirstViewController.swift */; };
		72D202EA25FF2BB8005FC85D /* FirstView.swift in Sources */ = {isa = PBXBuildFile; fileRef = 72D202E925FF2BB8005FC85D /* FirstView.swift */; };
		72D202FF25FF2FCA005FC85D /* SecondPagerViewController.swift in Sources */ = {isa = PBXBuildFile; fileRef = 72D202FE25FF2FCA005FC85D /* SecondPagerViewController.swift */; };
		72D2030325FF3009005FC85D /* SecondViewPager.swift in Sources */ = {isa = PBXBuildFile; fileRef = 72D2030225FF3009005FC85D /* SecondViewPager.swift */; };
		72D2030825FF3364005FC85D /* MenuCell.swift in Sources */ = {isa = PBXBuildFile; fileRef = 72D2030725FF3364005FC85D /* MenuCell.swift */; };
		72D2030C25FF3438005FC85D /* PagerCell.swift in Sources */ = {isa = PBXBuildFile; fileRef = 72D2030B25FF3438005FC85D /* PagerCell.swift */; };
		72D2030F25FF35C8005FC85D /* NewsViewController.swift in Sources */ = {isa = PBXBuildFile; fileRef = 72D2030E25FF35C8005FC85D /* NewsViewController.swift */; };
		72D2031425FF37CA005FC85D /* PeedViewController.swift in Sources */ = {isa = PBXBuildFile; fileRef = 72D2031325FF37CA005FC85D /* PeedViewController.swift */; };
		72D2031925FF3BE5005FC85D /* MenuCollection.swift in Sources */ = {isa = PBXBuildFile; fileRef = 72D2031825FF3BE5005FC85D /* MenuCollection.swift */; };
		F41523284D64D140AB17A9B2 /* Pods_BasicUI.framework in Frameworks */ = {isa = PBXBuildFile; fileRef = 4EE1BAE77425E0542EDB7474 /* Pods_BasicUI.framework */; };
/* End PBXBuildFile section */

/* Begin PBXFileReference section */
		4EE1BAE77425E0542EDB7474 /* Pods_BasicUI.framework */ = {isa = PBXFileReference; explicitFileType = wrapper.framework; includeInIndex = 0; path = Pods_BasicUI.framework; sourceTree = BUILT_PRODUCTS_DIR; };
		6931A7BADA281FD8DE445764 /* Pods-BasicUI.release.xcconfig */ = {isa = PBXFileReference; includeInIndex = 1; lastKnownFileType = text.xcconfig; name = "Pods-BasicUI.release.xcconfig"; path = "Target Support Files/Pods-BasicUI/Pods-BasicUI.release.xcconfig"; sourceTree = "<group>"; };
		7294DAB625FB43DA00D696DA /* BasicUI.app */ = {isa = PBXFileReference; explicitFileType = wrapper.application; includeInIndex = 0; path = BasicUI.app; sourceTree = BUILT_PRODUCTS_DIR; };
		7294DAB925FB43DA00D696DA /* AppDelegate.swift */ = {isa = PBXFileReference; lastKnownFileType = sourcecode.swift; path = AppDelegate.swift; sourceTree = "<group>"; };
		7294DABD25FB43DA00D696DA /* RootViewController.swift */ = {isa = PBXFileReference; lastKnownFileType = sourcecode.swift; path = RootViewController.swift; sourceTree = "<group>"; };
		7294DAC225FB43DA00D696DA /* Assets.xcassets */ = {isa = PBXFileReference; lastKnownFileType = folder.assetcatalog; path = Assets.xcassets; sourceTree = "<group>"; };
		7294DAC525FB43DA00D696DA /* Base */ = {isa = PBXFileReference; lastKnownFileType = file.storyboard; name = Base; path = Base.lproj/LaunchScreen.storyboard; sourceTree = "<group>"; };
		7294DAC725FB43DA00D696DA /* Info.plist */ = {isa = PBXFileReference; lastKnownFileType = text.plist.xml; path = Info.plist; sourceTree = "<group>"; };
		7294DAD225FB4A8400D696DA /* Base.swift */ = {isa = PBXFileReference; lastKnownFileType = sourcecode.swift; path = Base.swift; sourceTree = "<group>"; };
		72D202E125FF280F005FC85D /* RootView.swift */ = {isa = PBXFileReference; lastKnownFileType = sourcecode.swift; path = RootView.swift; sourceTree = "<group>"; };
		72D202E525FF299E005FC85D /* FirstViewController.swift */ = {isa = PBXFileReference; lastKnownFileType = sourcecode.swift; path = FirstViewController.swift; sourceTree = "<group>"; };
		72D202E925FF2BB8005FC85D /* FirstView.swift */ = {isa = PBXFileReference; lastKnownFileType = sourcecode.swift; path = FirstView.swift; sourceTree = "<group>"; };
		72D202FE25FF2FCA005FC85D /* SecondPagerViewController.swift */ = {isa = PBXFileReference; lastKnownFileType = sourcecode.swift; path = SecondPagerViewController.swift; sourceTree = "<group>"; };
		72D2030225FF3009005FC85D /* SecondViewPager.swift */ = {isa = PBXFileReference; lastKnownFileType = sourcecode.swift; path = SecondViewPager.swift; sourceTree = "<group>"; };
		72D2030725FF3364005FC85D /* MenuCell.swift */ = {isa = PBXFileReference; lastKnownFileType = sourcecode.swift; path = MenuCell.swift; sourceTree = "<group>"; };
		72D2030B25FF3438005FC85D /* PagerCell.swift */ = {isa = PBXFileReference; lastKnownFileType = sourcecode.swift; path = PagerCell.swift; sourceTree = "<group>"; };
		72D2030E25FF35C8005FC85D /* NewsViewController.swift */ = {isa = PBXFileReference; lastKnownFileType = sourcecode.swift; path = NewsViewController.swift; sourceTree = "<group>"; };
		72D2031325FF37CA005FC85D /* PeedViewController.swift */ = {isa = PBXFileReference; lastKnownFileType = sourcecode.swift; path = PeedViewController.swift; sourceTree = "<group>"; };
		72D2031825FF3BE5005FC85D /* MenuCollection.swift */ = {isa = PBXFileReference; lastKnownFileType = sourcecode.swift; path = MenuCollection.swift; sourceTree = "<group>"; };
		8FFF1826416D59718FB21A82 /* Pods-BasicUI.debug.xcconfig */ = {isa = PBXFileReference; includeInIndex = 1; lastKnownFileType = text.xcconfig; name = "Pods-BasicUI.debug.xcconfig"; path = "Target Support Files/Pods-BasicUI/Pods-BasicUI.debug.xcconfig"; sourceTree = "<group>"; };
/* End PBXFileReference section */

/* Begin PBXFrameworksBuildPhase section */
		7294DAB325FB43DA00D696DA /* Frameworks */ = {
			isa = PBXFrameworksBuildPhase;
			buildActionMask = 2147483647;
			files = (
				F41523284D64D140AB17A9B2 /* Pods_BasicUI.framework in Frameworks */,
			);
			runOnlyForDeploymentPostprocessing = 0;
		};
/* End PBXFrameworksBuildPhase section */

/* Begin PBXGroup section */
		7294DAAD25FB43DA00D696DA = {
			isa = PBXGroup;
			children = (
				7294DAB825FB43DA00D696DA /* BasicUI */,
				7294DAB725FB43DA00D696DA /* Products */,
				E0C7ECEFF1F08A6294A4F26C /* Pods */,
				C289960475E952184E10BB58 /* Frameworks */,
			);
			sourceTree = "<group>";
		};
		7294DAB725FB43DA00D696DA /* Products */ = {
			isa = PBXGroup;
			children = (
				7294DAB625FB43DA00D696DA /* BasicUI.app */,
			);
			name = Products;
			sourceTree = "<group>";
		};
		7294DAB825FB43DA00D696DA /* BasicUI */ = {
			isa = PBXGroup;
			children = (
				72D2030525FF32FF005FC85D /* factor */,
				72D202FD25FF2FB7005FC85D /* secondscreen */,
				72D202E425FF298A005FC85D /* firstscreen */,
				72D202DE25FF27C7005FC85D /* root */,
				7294DAD125FB4A6E00D696DA /* baseset */,
				7294DAB925FB43DA00D696DA /* AppDelegate.swift */,
				7294DAC225FB43DA00D696DA /* Assets.xcassets */,
				7294DAC425FB43DA00D696DA /* LaunchScreen.storyboard */,
				7294DAC725FB43DA00D696DA /* Info.plist */,
			);
			path = BasicUI;
			sourceTree = "<group>";
		};
		7294DAD125FB4A6E00D696DA /* baseset */ = {
			isa = PBXGroup;
			children = (
				7294DAD225FB4A8400D696DA /* Base.swift */,
			);
			path = baseset;
			sourceTree = "<group>";
		};
		72D202DE25FF27C7005FC85D /* root */ = {
			isa = PBXGroup;
			children = (
				7294DABD25FB43DA00D696DA /* RootViewController.swift */,
				72D202E125FF280F005FC85D /* RootView.swift */,
			);
			path = root;
			sourceTree = "<group>";
		};
		72D202E425FF298A005FC85D /* firstscreen */ = {
			isa = PBXGroup;
			children = (
				72D202E525FF299E005FC85D /* FirstViewController.swift */,
				72D202E925FF2BB8005FC85D /* FirstView.swift */,
			);
			path = firstscreen;
			sourceTree = "<group>";
		};
		72D202FD25FF2FB7005FC85D /* secondscreen */ = {
			isa = PBXGroup;
			children = (
				72D2031225FF37B2005FC85D /* peed */,
				72D2031125FF374F005FC85D /* news */,
				72D202FE25FF2FCA005FC85D /* SecondPagerViewController.swift */,
				72D2030225FF3009005FC85D /* SecondViewPager.swift */,
			);
			path = secondscreen;
			sourceTree = "<group>";
		};
		72D2030525FF32FF005FC85D /* factor */ = {
			isa = PBXGroup;
			children = (
				72D2031725FF3B81005FC85D /* uidelegate */,
				72D2030625FF3320005FC85D /* cell */,
			);
			path = factor;
			sourceTree = "<group>";
		};
		72D2030625FF3320005FC85D /* cell */ = {
			isa = PBXGroup;
			children = (
				72D2030725FF3364005FC85D /* MenuCell.swift */,
				72D2030B25FF3438005FC85D /* PagerCell.swift */,
			);
			path = cell;
			sourceTree = "<group>";
		};
		72D2031125FF374F005FC85D /* news */ = {
			isa = PBXGroup;
			children = (
				72D2030E25FF35C8005FC85D /* NewsViewController.swift */,
			);
			path = news;
			sourceTree = "<group>";
		};
		72D2031225FF37B2005FC85D /* peed */ = {
			isa = PBXGroup;
			children = (
				72D2031325FF37CA005FC85D /* PeedViewController.swift */,
			);
			path = peed;
			sourceTree = "<group>";
		};
		72D2031725FF3B81005FC85D /* uidelegate */ = {
			isa = PBXGroup;
			children = (
				72D2031825FF3BE5005FC85D /* MenuCollection.swift */,
			);
			path = uidelegate;
			sourceTree = "<group>";
		};
		C289960475E952184E10BB58 /* Frameworks */ = {
			isa = PBXGroup;
			children = (
				4EE1BAE77425E0542EDB7474 /* Pods_BasicUI.framework */,
			);
			name = Frameworks;
			sourceTree = "<group>";
		};
		E0C7ECEFF1F08A6294A4F26C /* Pods */ = {
			isa = PBXGroup;
			children = (
				8FFF1826416D59718FB21A82 /* Pods-BasicUI.debug.xcconfig */,
				6931A7BADA281FD8DE445764 /* Pods-BasicUI.release.xcconfig */,
			);
			path = Pods;
			sourceTree = "<group>";
		};
/* End PBXGroup section */

/* Begin PBXNativeTarget section */
		7294DAB525FB43DA00D696DA /* BasicUI */ = {
			isa = PBXNativeTarget;
			buildConfigurationList = 7294DACA25FB43DA00D696DA /* Build configuration list for PBXNativeTarget "BasicUI" */;
			buildPhases = (
				7D3B0753F9D7A9E6D8CB9AE9 /* [CP] Check Pods Manifest.lock */,
				7294DAB225FB43DA00D696DA /* Sources */,
				7294DAB325FB43DA00D696DA /* Frameworks */,
				7294DAB425FB43DA00D696DA /* Resources */,
				8CDB69934D5FF1CD4EA71C4A /* [CP] Embed Pods Frameworks */,
			);
			buildRules = (
			);
			dependencies = (
			);
			name = BasicUI;
			productName = BasicUI;
			productReference = 7294DAB625FB43DA00D696DA /* BasicUI.app */;
			productType = "com.apple.product-type.application";
		};
/* End PBXNativeTarget section */

/* Begin PBXProject section */
		7294DAAE25FB43DA00D696DA /* Project object */ = {
			isa = PBXProject;
			attributes = {
				LastSwiftUpdateCheck = 1240;
				LastUpgradeCheck = 1240;
				TargetAttributes = {
					7294DAB525FB43DA00D696DA = {
						CreatedOnToolsVersion = 12.4;
					};
				};
			};
			buildConfigurationList = 7294DAB125FB43DA00D696DA /* Build configuration list for PBXProject "BasicUI" */;
			compatibilityVersion = "Xcode 9.3";
			developmentRegion = en;
			hasScannedForEncodings = 0;
			knownRegions = (
				en,
				Base,
			);
			mainGroup = 7294DAAD25FB43DA00D696DA;
			productRefGroup = 7294DAB725FB43DA00D696DA /* Products */;
			projectDirPath = "";
			projectRoot = "";
			targets = (
				7294DAB525FB43DA00D696DA /* BasicUI */,
			);
		};
/* End PBXProject section */

/* Begin PBXResourcesBuildPhase section */
		7294DAB425FB43DA00D696DA /* Resources */ = {
			isa = PBXResourcesBuildPhase;
			buildActionMask = 2147483647;
			files = (
				7294DAC625FB43DA00D696DA /* LaunchScreen.storyboard in Resources */,
				7294DAC325FB43DA00D696DA /* Assets.xcassets in Resources */,
			);
			runOnlyForDeploymentPostprocessing = 0;
		};
/* End PBXResourcesBuildPhase section */

/* Begin PBXShellScriptBuildPhase section */
		7D3B0753F9D7A9E6D8CB9AE9 /* [CP] Check Pods Manifest.lock */ = {
			isa = PBXShellScriptBuildPhase;
			buildActionMask = 2147483647;
			files = (
			);
			inputFileListPaths = (
			);
			inputPaths = (
				"${PODS_PODFILE_DIR_PATH}/Podfile.lock",
				"${PODS_ROOT}/Manifest.lock",
			);
			name = "[CP] Check Pods Manifest.lock";
			outputFileListPaths = (
			);
			outputPaths = (
				"$(DERIVED_FILE_DIR)/Pods-BasicUI-checkManifestLockResult.txt",
			);
			runOnlyForDeploymentPostprocessing = 0;
			shellPath = /bin/sh;
			shellScript = "diff \"${PODS_PODFILE_DIR_PATH}/Podfile.lock\" \"${PODS_ROOT}/Manifest.lock\" > /dev/null\nif [ $? != 0 ] ; then\n    # print error to STDERR\n    echo \"error: The sandbox is not in sync with the Podfile.lock. Run 'pod install' or update your CocoaPods installation.\" >&2\n    exit 1\nfi\n# This output is used by Xcode 'outputs' to avoid re-running this script phase.\necho \"SUCCESS\" > \"${SCRIPT_OUTPUT_FILE_0}\"\n";
			showEnvVarsInLog = 0;
		};
		8CDB69934D5FF1CD4EA71C4A /* [CP] Embed Pods Frameworks */ = {
			isa = PBXShellScriptBuildPhase;
			buildActionMask = 2147483647;
			files = (
			);
			inputFileListPaths = (
				"${PODS_ROOT}/Target Support Files/Pods-BasicUI/Pods-BasicUI-frameworks-${CONFIGURATION}-input-files.xcfilelist",
			);
			name = "[CP] Embed Pods Frameworks";
			outputFileListPaths = (
				"${PODS_ROOT}/Target Support Files/Pods-BasicUI/Pods-BasicUI-frameworks-${CONFIGURATION}-output-files.xcfilelist",
			);
			runOnlyForDeploymentPostprocessing = 0;
			shellPath = /bin/sh;
			shellScript = "\"${PODS_ROOT}/Target Support Files/Pods-BasicUI/Pods-BasicUI-frameworks.sh\"\n";
			showEnvVarsInLog = 0;
		};
/* End PBXShellScriptBuildPhase section */

/* Begin PBXSourcesBuildPhase section */
		7294DAB225FB43DA00D696DA /* Sources */ = {
			isa = PBXSourcesBuildPhase;
			buildActionMask = 2147483647;
			files = (
				72D2031425FF37CA005FC85D /* PeedViewController.swift in Sources */,
				72D202E625FF299E005FC85D /* FirstViewController.swift in Sources */,
				72D2030C25FF3438005FC85D /* PagerCell.swift in Sources */,
				72D2031925FF3BE5005FC85D /* MenuCollection.swift in Sources */,
				72D202EA25FF2BB8005FC85D /* FirstView.swift in Sources */,
				72D2030825FF3364005FC85D /* MenuCell.swift in Sources */,
				72D2030F25FF35C8005FC85D /* NewsViewController.swift in Sources */,
				72D202E225FF280F005FC85D /* RootView.swift in Sources */,
				7294DABE25FB43DA00D696DA /* RootViewController.swift in Sources */,
				72D202FF25FF2FCA005FC85D /* SecondPagerViewController.swift in Sources */,
				7294DAD325FB4A8400D696DA /* Base.swift in Sources */,
				72D2030325FF3009005FC85D /* SecondViewPager.swift in Sources */,
				7294DABA25FB43DA00D696DA /* AppDelegate.swift in Sources */,
			);
			runOnlyForDeploymentPostprocessing = 0;
		};
/* End PBXSourcesBuildPhase section */

/* Begin PBXVariantGroup section */
		7294DAC425FB43DA00D696DA /* LaunchScreen.storyboard */ = {
			isa = PBXVariantGroup;
			children = (
				7294DAC525FB43DA00D696DA /* Base */,
			);
			name = LaunchScreen.storyboard;
			sourceTree = "<group>";
		};
/* End PBXVariantGroup section */

/* Begin XCBuildConfiguration section */
		7294DAC825FB43DA00D696DA /* Debug */ = {
			isa = XCBuildConfiguration;
			buildSettings = {
				ALWAYS_SEARCH_USER_PATHS = NO;
				CLANG_ANALYZER_NONNULL = YES;
				CLANG_ANALYZER_NUMBER_OBJECT_CONVERSION = YES_AGGRESSIVE;
				CLANG_CXX_LANGUAGE_STANDARD = "gnu++14";
				CLANG_CXX_LIBRARY = "libc++";
				CLANG_ENABLE_MODULES = YES;
				CLANG_ENABLE_OBJC_ARC = YES;
				CLANG_ENABLE_OBJC_WEAK = YES;
				CLANG_WARN_BLOCK_CAPTURE_AUTORELEASING = YES;
				CLANG_WARN_BOOL_CONVERSION = YES;
				CLANG_WARN_COMMA = YES;
				CLANG_WARN_CONSTANT_CONVERSION = YES;
				CLANG_WARN_DEPRECATED_OBJC_IMPLEMENTATIONS = YES;
				CLANG_WARN_DIRECT_OBJC_ISA_USAGE = YES_ERROR;
				CLANG_WARN_DOCUMENTATION_COMMENTS = YES;
				CLANG_WARN_EMPTY_BODY = YES;
				CLANG_WARN_ENUM_CONVERSION = YES;
				CLANG_WARN_INFINITE_RECURSION = YES;
				CLANG_WARN_INT_CONVERSION = YES;
				CLANG_WARN_NON_LITERAL_NULL_CONVERSION = YES;
				CLANG_WARN_OBJC_IMPLICIT_RETAIN_SELF = YES;
				CLANG_WARN_OBJC_LITERAL_CONVERSION = YES;
				CLANG_WARN_OBJC_ROOT_CLASS = YES_ERROR;
				CLANG_WARN_QUOTED_INCLUDE_IN_FRAMEWORK_HEADER = YES;
				CLANG_WARN_RANGE_LOOP_ANALYSIS = YES;
				CLANG_WARN_STRICT_PROTOTYPES = YES;
				CLANG_WARN_SUSPICIOUS_MOVE = YES;
				CLANG_WARN_UNGUARDED_AVAILABILITY = YES_AGGRESSIVE;
				CLANG_WARN_UNREACHABLE_CODE = YES;
				CLANG_WARN__DUPLICATE_METHOD_MATCH = YES;
				COPY_PHASE_STRIP = NO;
				DEBUG_INFORMATION_FORMAT = dwarf;
				ENABLE_STRICT_OBJC_MSGSEND = YES;
				ENABLE_TESTABILITY = YES;
				GCC_C_LANGUAGE_STANDARD = gnu11;
				GCC_DYNAMIC_NO_PIC = NO;
				GCC_NO_COMMON_BLOCKS = YES;
				GCC_OPTIMIZATION_LEVEL = 0;
				GCC_PREPROCESSOR_DEFINITIONS = (
					"DEBUG=1",
					"$(inherited)",
				);
				GCC_WARN_64_TO_32_BIT_CONVERSION = YES;
				GCC_WARN_ABOUT_RETURN_TYPE = YES_ERROR;
				GCC_WARN_UNDECLARED_SELECTOR = YES;
				GCC_WARN_UNINITIALIZED_AUTOS = YES_AGGRESSIVE;
				GCC_WARN_UNUSED_FUNCTION = YES;
				GCC_WARN_UNUSED_VARIABLE = YES;
				IPHONEOS_DEPLOYMENT_TARGET = 14.4;
				MTL_ENABLE_DEBUG_INFO = INCLUDE_SOURCE;
				MTL_FAST_MATH = YES;
				ONLY_ACTIVE_ARCH = YES;
				SDKROOT = iphoneos;
				SWIFT_ACTIVE_COMPILATION_CONDITIONS = DEBUG;
				SWIFT_OPTIMIZATION_LEVEL = "-Onone";
			};
			name = Debug;
		};
		7294DAC925FB43DA00D696DA /* Release */ = {
			isa = XCBuildConfiguration;
			buildSettings = {
				ALWAYS_SEARCH_USER_PATHS = NO;
				CLANG_ANALYZER_NONNULL = YES;
				CLANG_ANALYZER_NUMBER_OBJECT_CONVERSION = YES_AGGRESSIVE;
				CLANG_CXX_LANGUAGE_STANDARD = "gnu++14";
				CLANG_CXX_LIBRARY = "libc++";
				CLANG_ENABLE_MODULES = YES;
				CLANG_ENABLE_OBJC_ARC = YES;
				CLANG_ENABLE_OBJC_WEAK = YES;
				CLANG_WARN_BLOCK_CAPTURE_AUTORELEASING = YES;
				CLANG_WARN_BOOL_CONVERSION = YES;
				CLANG_WARN_COMMA = YES;
				CLANG_WARN_CONSTANT_CONVERSION = YES;
				CLANG_WARN_DEPRECATED_OBJC_IMPLEMENTATIONS = YES;
				CLANG_WARN_DIRECT_OBJC_ISA_USAGE = YES_ERROR;
				CLANG_WARN_DOCUMENTATION_COMMENTS = YES;
				CLANG_WARN_EMPTY_BODY = YES;
				CLANG_WARN_ENUM_CONVERSION = YES;
				CLANG_WARN_INFINITE_RECURSION = YES;
				CLANG_WARN_INT_CONVERSION = YES;
				CLANG_WARN_NON_LITERAL_NULL_CONVERSION = YES;
				CLANG_WARN_OBJC_IMPLICIT_RETAIN_SELF = YES;
				CLANG_WARN_OBJC_LITERAL_CONVERSION = YES;
				CLANG_WARN_OBJC_ROOT_CLASS = YES_ERROR;
				CLANG_WARN_QUOTED_INCLUDE_IN_FRAMEWORK_HEADER = YES;
				CLANG_WARN_RANGE_LOOP_ANALYSIS = YES;
				CLANG_WARN_STRICT_PROTOTYPES = YES;
				CLANG_WARN_SUSPICIOUS_MOVE = YES;
				CLANG_WARN_UNGUARDED_AVAILABILITY = YES_AGGRESSIVE;
				CLANG_WARN_UNREACHABLE_CODE = YES;
				CLANG_WARN__DUPLICATE_METHOD_MATCH = YES;
				COPY_PHASE_STRIP = NO;
				DEBUG_INFORMATION_FORMAT = "dwarf-with-dsym";
				ENABLE_NS_ASSERTIONS = NO;
				ENABLE_STRICT_OBJC_MSGSEND = YES;
				GCC_C_LANGUAGE_STANDARD = gnu11;
				GCC_NO_COMMON_BLOCKS = YES;
				GCC_WARN_64_TO_32_BIT_CONVERSION = YES;
				GCC_WARN_ABOUT_RETURN_TYPE = YES_ERROR;
				GCC_WARN_UNDECLARED_SELECTOR = YES;
				GCC_WARN_UNINITIALIZED_AUTOS = YES_AGGRESSIVE;
				GCC_WARN_UNUSED_FUNCTION = YES;
				GCC_WARN_UNUSED_VARIABLE = YES;
				IPHONEOS_DEPLOYMENT_TARGET = 14.4;
				MTL_ENABLE_DEBUG_INFO = NO;
				MTL_FAST_MATH = YES;
				SDKROOT = iphoneos;
				SWIFT_COMPILATION_MODE = wholemodule;
				SWIFT_OPTIMIZATION_LEVEL = "-O";
				VALIDATE_PRODUCT = YES;
			};
			name = Release;
		};
		7294DACB25FB43DA00D696DA /* Debug */ = {
			isa = XCBuildConfiguration;
			baseConfigurationReference = 8FFF1826416D59718FB21A82 /* Pods-BasicUI.debug.xcconfig */;
			buildSettings = {
				ASSETCATALOG_COMPILER_APPICON_NAME = AppIcon;
				ASSETCATALOG_COMPILER_GLOBAL_ACCENT_COLOR_NAME = AccentColor;
				CODE_SIGN_STYLE = Automatic;
				DEVELOPMENT_TEAM = LHMNAPQ6N7;
				INFOPLIST_FILE = BasicUI/Info.plist;
				LD_RUNPATH_SEARCH_PATHS = (
					"$(inherited)",
					"@executable_path/Frameworks",
				);
				PRODUCT_BUNDLE_IDENTIFIER = practice.BasicUI;
				PRODUCT_NAME = "$(TARGET_NAME)";
				SWIFT_VERSION = 5.0;
				TARGETED_DEVICE_FAMILY = "1,2";
			};
			name = Debug;
		};
		7294DACC25FB43DA00D696DA /* Release */ = {
			isa = XCBuildConfiguration;
			baseConfigurationReference = 6931A7BADA281FD8DE445764 /* Pods-BasicUI.release.xcconfig */;
			buildSettings = {
				ASSETCATALOG_COMPILER_APPICON_NAME = AppIcon;
				ASSETCATALOG_COMPILER_GLOBAL_ACCENT_COLOR_NAME = AccentColor;
				CODE_SIGN_STYLE = Automatic;
				DEVELOPMENT_TEAM = LHMNAPQ6N7;
				INFOPLIST_FILE = BasicUI/Info.plist;
				LD_RUNPATH_SEARCH_PATHS = (
					"$(inherited)",
					"@executable_path/Frameworks",
				);
				PRODUCT_BUNDLE_IDENTIFIER = practice.BasicUI;
				PRODUCT_NAME = "$(TARGET_NAME)";
				SWIFT_VERSION = 5.0;
				TARGETED_DEVICE_FAMILY = "1,2";
			};
			name = Release;
		};
/* End XCBuildConfiguration section */

/* Begin XCConfigurationList section */
		7294DAB125FB43DA00D696DA /* Build configuration list for PBXProject "BasicUI" */ = {
			isa = XCConfigurationList;
			buildConfigurations = (
				7294DAC825FB43DA00D696DA /* Debug */,
				7294DAC925FB43DA00D696DA /* Release */,
			);
			defaultConfigurationIsVisible = 0;
			defaultConfigurationName = Release;
		};
		7294DACA25FB43DA00D696DA /* Build configuration list for PBXNativeTarget "BasicUI" */ = {
			isa = XCConfigurationList;
			buildConfigurations = (
				7294DACB25FB43DA00D696DA /* Debug */,
				7294DACC25FB43DA00D696DA /* Release */,
			);
			defaultConfigurationIsVisible = 0;
			defaultConfigurationName = Release;
		};
/* End XCConfigurationList section */
	};
	rootObject = 7294DAAE25FB43DA00D696DA /* Project object */;
}
